Microsoft Visual Studio Solution File, Format Version 11.00
# Visual Studio 2010
Project("{8BC9CEB8-8B4A-11D0-8D11-00A0C91BC942}") = "prep", "goahead-windows-default\prep.vcxproj", "{D477AF49-F508-4E2B-A479-0DE0F3750BDD}"
	ProjectSection(ProjectDependencies) = postProject
		{D477AF49-F508-4E2B-A479-0DE0F3750BDD} = {D477AF49-F508-4E2B-A479-0DE0F3750BDD}
	EndProjectSection
EndProject
Project("{8BC9CEB8-8B4A-11D0-8D11-00A0C91BC942}") = "libgo", "goahead-windows-default\libgo.vcxproj", "{81BB21CB-36F6-48A9-BAAC-3D9850CFFCD5}"
	ProjectSection(ProjectDependencies) = postProject
		{D477AF49-F508-4E2B-A479-0DE0F3750BDD} = {D477AF49-F508-4E2B-A479-0DE0F3750BDD}
	EndProjectSection
	ProjectSection(ProjectDependencies) = postProject
		{51191DBB-CB85-49CA-A4A7-0BE87372EBE5} = {51191DBB-CB85-49CA-A4A7-0BE87372EBE5}
	EndProjectSection
	ProjectSection(ProjectDependencies) = postProject
		{54549DF4-3F50-4459-BA91-B77B656D5D5A} = {54549DF4-3F50-4459-BA91-B77B656D5D5A}
	EndProjectSection
	ProjectSection(ProjectDependencies) = postProject
		{81BB21CB-36F6-48A9-BAAC-3D9850CFFCD5} = {81BB21CB-36F6-48A9-BAAC-3D9850CFFCD5}
	EndProjectSection
EndProject
Project("{8BC9CEB8-8B4A-11D0-8D11-00A0C91BC942}") = "install-certs", "goahead-windows-default\install-certs.vcxproj", "{7BC319D7-AA20-4112-BCFE-3DE709FA82CD}"
	ProjectSection(ProjectDependencies) = postProject
		{D477AF49-F508-4E2B-A479-0DE0F3750BDD} = {D477AF49-F508-4E2B-A479-0DE0F3750BDD}
	EndProjectSection
	ProjectSection(ProjectDependencies) = postProject
		{7BC319D7-AA20-4112-BCFE-3DE709FA82CD} = {7BC319D7-AA20-4112-BCFE-3DE709FA82CD}
	EndProjectSection
EndProject
Project("{8BC9CEB8-8B4A-11D0-8D11-00A0C91BC942}") = "goahead", "goahead-windows-default\goahead.vcxproj", "{462DB80E-129C-4147-A0DC-405A246B0B6A}"
	ProjectSection(ProjectDependencies) = postProject
		{D477AF49-F508-4E2B-A479-0DE0F3750BDD} = {D477AF49-F508-4E2B-A479-0DE0F3750BDD}
	EndProjectSection
	ProjectSection(ProjectDependencies) = postProject
		{51191DBB-CB85-49CA-A4A7-0BE87372EBE5} = {51191DBB-CB85-49CA-A4A7-0BE87372EBE5}
	EndProjectSection
	ProjectSection(ProjectDependencies) = postProject
		{54549DF4-3F50-4459-BA91-B77B656D5D5A} = {54549DF4-3F50-4459-BA91-B77B656D5D5A}
	EndProjectSection
	ProjectSection(ProjectDependencies) = postProject
		{81BB21CB-36F6-48A9-BAAC-3D9850CFFCD5} = {81BB21CB-36F6-48A9-BAAC-3D9850CFFCD5}
	EndProjectSection
	ProjectSection(ProjectDependencies) = postProject
		{7BC319D7-AA20-4112-BCFE-3DE709FA82CD} = {7BC319D7-AA20-4112-BCFE-3DE709FA82CD}
	EndProjectSection
	ProjectSection(ProjectDependencies) = postProject
		{462DB80E-129C-4147-A0DC-405A246B0B6A} = {462DB80E-129C-4147-A0DC-405A246B0B6A}
	EndProjectSection
EndProject
Project("{8BC9CEB8-8B4A-11D0-8D11-00A0C91BC942}") = "goahead-test", "goahead-windows-default\goahead-test.vcxproj", "{11E96946-49F4-415D-9B2D-301FEE7BE810}"
	ProjectSection(ProjectDependencies) = postProject
		{D477AF49-F508-4E2B-A479-0DE0F3750BDD} = {D477AF49-F508-4E2B-A479-0DE0F3750BDD}
	EndProjectSection
	ProjectSection(ProjectDependencies) = postProject
		{51191DBB-CB85-49CA-A4A7-0BE87372EBE5} = {51191DBB-CB85-49CA-A4A7-0BE87372EBE5}
	EndProjectSection
	ProjectSection(ProjectDependencies) = postProject
		{54549DF4-3F50-4459-BA91-B77B656D5D5A} = {54549DF4-3F50-4459-BA91-B77B656D5D5A}
	EndProjectSection
	ProjectSection(ProjectDependencies) = postProject
		{81BB21CB-36F6-48A9-BAAC-3D9850CFFCD5} = {81BB21CB-36F6-48A9-BAAC-3D9850CFFCD5}
	EndProjectSection
	ProjectSection(ProjectDependencies) = postProject
		{7BC319D7-AA20-4112-BCFE-3DE709FA82CD} = {7BC319D7-AA20-4112-BCFE-3DE709FA82CD}
	EndProjectSection
	ProjectSection(ProjectDependencies) = postProject
		{11E96946-49F4-415D-9B2D-301FEE7BE810} = {11E96946-49F4-415D-9B2D-301FEE7BE810}
	EndProjectSection
EndProject
Project("{8BC9CEB8-8B4A-11D0-8D11-00A0C91BC942}") = "gopass", "goahead-windows-default\gopass.vcxproj", "{163937A5-5DD1-47E3-9D8A-6556B19E707C}"
	ProjectSection(ProjectDependencies) = postProject
		{D477AF49-F508-4E2B-A479-0DE0F3750BDD} = {D477AF49-F508-4E2B-A479-0DE0F3750BDD}
	EndProjectSection
	ProjectSection(ProjectDependencies) = postProject
		{51191DBB-CB85-49CA-A4A7-0BE87372EBE5} = {51191DBB-CB85-49CA-A4A7-0BE87372EBE5}
	EndProjectSection
	ProjectSection(ProjectDependencies) = postProject
		{54549DF4-3F50-4459-BA91-B77B656D5D5A} = {54549DF4-3F50-4459-BA91-B77B656D5D5A}
	EndProjectSection
	ProjectSection(ProjectDependencies) = postProject
		{81BB21CB-36F6-48A9-BAAC-3D9850CFFCD5} = {81BB21CB-36F6-48A9-BAAC-3D9850CFFCD5}
	EndProjectSection
	ProjectSection(ProjectDependencies) = postProject
		{163937A5-5DD1-47E3-9D8A-6556B19E707C} = {163937A5-5DD1-47E3-9D8A-6556B19E707C}
	EndProjectSection
EndProject
Project("{8BC9CEB8-8B4A-11D0-8D11-00A0C91BC942}") = "libmbedtls", "goahead-windows-default\libmbedtls.vcxproj", "{51191DBB-CB85-49CA-A4A7-0BE87372EBE5}"
	ProjectSection(ProjectDependencies) = postProject
		{D477AF49-F508-4E2B-A479-0DE0F3750BDD} = {D477AF49-F508-4E2B-A479-0DE0F3750BDD}
	EndProjectSection
	ProjectSection(ProjectDependencies) = postProject
		{51191DBB-CB85-49CA-A4A7-0BE87372EBE5} = {51191DBB-CB85-49CA-A4A7-0BE87372EBE5}
	EndProjectSection
EndProject
Project("{8BC9CEB8-8B4A-11D0-8D11-00A0C91BC942}") = "libgoahead-mbedtls", "goahead-windows-default\libgoahead-mbedtls.vcxproj", "{54549DF4-3F50-4459-BA91-B77B656D5D5A}"
	ProjectSection(ProjectDependencies) = postProject
		{D477AF49-F508-4E2B-A479-0DE0F3750BDD} = {D477AF49-F508-4E2B-A479-0DE0F3750BDD}
	EndProjectSection
	ProjectSection(ProjectDependencies) = postProject
		{51191DBB-CB85-49CA-A4A7-0BE87372EBE5} = {51191DBB-CB85-49CA-A4A7-0BE87372EBE5}
	EndProjectSection
	ProjectSection(ProjectDependencies) = postProject
		{54549DF4-3F50-4459-BA91-B77B656D5D5A} = {54549DF4-3F50-4459-BA91-B77B656D5D5A}
	EndProjectSection
EndProject

    Global
        GlobalSection(SolutionConfigurationPlatforms) = preSolution
            Debug|Win32 = Debug|Win32
            Debug|x64 = Debug|x64
            Release|Win32 = Release|Win32
            Release|x64 = Release|x64
        EndGlobalSection
        GlobalSection(ProjectConfigurationPlatforms) = postSolution
{D477AF49-F508-4E2B-A479-0DE0F3750BDD}.Debug|Win32.ActiveCfg = Debug|Win32
{D477AF49-F508-4E2B-A479-0DE0F3750BDD}.Debug|Win32.Build.0 = Debug|Win32
{D477AF49-F508-4E2B-A479-0DE0F3750BDD}.Debug|x64.ActiveCfg = Debug|x64
{D477AF49-F508-4E2B-A479-0DE0F3750BDD}.Debug|x64.Build.0 = Debug|x64
{D477AF49-F508-4E2B-A479-0DE0F3750BDD}.Release|Win32.ActiveCfg = Release|Win32
{D477AF49-F508-4E2B-A479-0DE0F3750BDD}.Release|Win32.Build.0 = Release|Win32
{D477AF49-F508-4E2B-A479-0DE0F3750BDD}.Release|x64.ActiveCfg = Release|x64
{D477AF49-F508-4E2B-A479-0DE0F3750BDD}.Release|x64.Build.0 = Release|x64
{81BB21CB-36F6-48A9-BAAC-3D9850CFFCD5}.Debug|Win32.ActiveCfg = Debug|Win32
{81BB21CB-36F6-48A9-BAAC-3D9850CFFCD5}.Debug|Win32.Build.0 = Debug|Win32
{81BB21CB-36F6-48A9-BAAC-3D9850CFFCD5}.Debug|x64.ActiveCfg = Debug|x64
{81BB21CB-36F6-48A9-BAAC-3D9850CFFCD5}.Debug|x64.Build.0 = Debug|x64
{81BB21CB-36F6-48A9-BAAC-3D9850CFFCD5}.Release|Win32.ActiveCfg = Release|Win32
{81BB21CB-36F6-48A9-BAAC-3D9850CFFCD5}.Release|Win32.Build.0 = Release|Win32
{81BB21CB-36F6-48A9-BAAC-3D9850CFFCD5}.Release|x64.ActiveCfg = Release|x64
{81BB21CB-36F6-48A9-BAAC-3D9850CFFCD5}.Release|x64.Build.0 = Release|x64
{7BC319D7-AA20-4112-BCFE-3DE709FA82CD}.Debug|Win32.ActiveCfg = Debug|Win32
{7BC319D7-AA20-4112-BCFE-3DE709FA82CD}.Debug|Win32.Build.0 = Debug|Win32
{7BC319D7-AA20-4112-BCFE-3DE709FA82CD}.Debug|x64.ActiveCfg = Debug|x64
{7BC319D7-AA20-4112-BCFE-3DE709FA82CD}.Debug|x64.Build.0 = Debug|x64
{7BC319D7-AA20-4112-BCFE-3DE709FA82CD}.Release|Win32.ActiveCfg = Release|Win32
{7BC319D7-AA20-4112-BCFE-3DE709FA82CD}.Release|Win32.Build.0 = Release|Win32
{7BC319D7-AA20-4112-BCFE-3DE709FA82CD}.Release|x64.ActiveCfg = Release|x64
{7BC319D7-AA20-4112-BCFE-3DE709FA82CD}.Release|x64.Build.0 = Release|x64
{462DB80E-129C-4147-A0DC-405A246B0B6A}.Debug|Win32.ActiveCfg = Debug|Win32
{462DB80E-129C-4147-A0DC-405A246B0B6A}.Debug|Win32.Build.0 = Debug|Win32
{462DB80E-129C-4147-A0DC-405A246B0B6A}.Debug|x64.ActiveCfg = Debug|x64
{462DB80E-129C-4147-A0DC-405A246B0B6A}.Debug|x64.Build.0 = Debug|x64
{462DB80E-129C-4147-A0DC-405A246B0B6A}.Release|Win32.ActiveCfg = Release|Win32
{462DB80E-129C-4147-A0DC-405A246B0B6A}.Release|Win32.Build.0 = Release|Win32
{462DB80E-129C-4147-A0DC-405A246B0B6A}.Release|x64.ActiveCfg = Release|x64
{462DB80E-129C-4147-A0DC-405A246B0B6A}.Release|x64.Build.0 = Release|x64
{11E96946-49F4-415D-9B2D-301FEE7BE810}.Debug|Win32.ActiveCfg = Debug|Win32
{11E96946-49F4-415D-9B2D-301FEE7BE810}.Debug|Win32.Build.0 = Debug|Win32
{11E96946-49F4-415D-9B2D-301FEE7BE810}.Debug|x64.ActiveCfg = Debug|x64
{11E96946-49F4-415D-9B2D-301FEE7BE810}.Debug|x64.Build.0 = Debug|x64
{11E96946-49F4-415D-9B2D-301FEE7BE810}.Release|Win32.ActiveCfg = Release|Win32
{11E96946-49F4-415D-9B2D-301FEE7BE810}.Release|Win32.Build.0 = Release|Win32
{11E96946-49F4-415D-9B2D-301FEE7BE810}.Release|x64.ActiveCfg = Release|x64
{11E96946-49F4-415D-9B2D-301FEE7BE810}.Release|x64.Build.0 = Release|x64
{163937A5-5DD1-47E3-9D8A-6556B19E707C}.Debug|Win32.ActiveCfg = Debug|Win32
{163937A5-5DD1-47E3-9D8A-6556B19E707C}.Debug|Win32.Build.0 = Debug|Win32
{163937A5-5DD1-47E3-9D8A-6556B19E707C}.Debug|x64.ActiveCfg = Debug|x64
{163937A5-5DD1-47E3-9D8A-6556B19E707C}.Debug|x64.Build.0 = Debug|x64
{163937A5-5DD1-47E3-9D8A-6556B19E707C}.Release|Win32.ActiveCfg = Release|Win32
{163937A5-5DD1-47E3-9D8A-6556B19E707C}.Release|Win32.Build.0 = Release|Win32
{163937A5-5DD1-47E3-9D8A-6556B19E707C}.Release|x64.ActiveCfg = Release|x64
{163937A5-5DD1-47E3-9D8A-6556B19E707C}.Release|x64.Build.0 = Release|x64
{51191DBB-CB85-49CA-A4A7-0BE87372EBE5}.Debug|Win32.ActiveCfg = Debug|Win32
{51191DBB-CB85-49CA-A4A7-0BE87372EBE5}.Debug|Win32.Build.0 = Debug|Win32
{51191DBB-CB85-49CA-A4A7-0BE87372EBE5}.Debug|x64.ActiveCfg = Debug|x64
{51191DBB-CB85-49CA-A4A7-0BE87372EBE5}.Debug|x64.Build.0 = Debug|x64
{51191DBB-CB85-49CA-A4A7-0BE87372EBE5}.Release|Win32.ActiveCfg = Release|Win32
{51191DBB-CB85-49CA-A4A7-0BE87372EBE5}.Release|Win32.Build.0 = Release|Win32
{51191DBB-CB85-49CA-A4A7-0BE87372EBE5}.Release|x64.ActiveCfg = Release|x64
{51191DBB-CB85-49CA-A4A7-0BE87372EBE5}.Release|x64.Build.0 = Release|x64
{54549DF4-3F50-4459-BA91-B77B656D5D5A}.Debug|Win32.ActiveCfg = Debug|Win32
{54549DF4-3F50-4459-BA91-B77B656D5D5A}.Debug|Win32.Build.0 = Debug|Win32
{54549DF4-3F50-4459-BA91-B77B656D5D5A}.Debug|x64.ActiveCfg = Debug|x64
{54549DF4-3F50-4459-BA91-B77B656D5D5A}.Debug|x64.Build.0 = Debug|x64
{54549DF4-3F50-4459-BA91-B77B656D5D5A}.Release|Win32.ActiveCfg = Release|Win32
{54549DF4-3F50-4459-BA91-B77B656D5D5A}.Release|Win32.Build.0 = Release|Win32
{54549DF4-3F50-4459-BA91-B77B656D5D5A}.Release|x64.ActiveCfg = Release|x64
{54549DF4-3F50-4459-BA91-B77B656D5D5A}.Release|x64.Build.0 = Release|x64
EndGlobalSection

      GlobalSection(SolutionProperties) = preSolution
        HideSolutionNode = FALSE
      EndGlobalSection
    EndGlobal
